
Microsoft Visual Studio Solution File, Format Version 12.00
# Visual Studio Version 17
VisualStudioVersion = 17.8.34330.188
MinimumVisualStudioVersion = 10.0.40219.1
Project("{FAE04EC0-301F-11D3-BF4B-00C04F79EFBC}") = "Bootcamp3_Ejercicio_001", "Bootcamp3_Ejercicio_001\Bootcamp3_Ejercicio_001.csproj", "{381E66F6-E340-48A6-AF64-3C96313D76E3}"
EndProject
Global
	GlobalSection(SolutionConfigurationPlatforms) = preSolution
		Debug|Any CPU = Debug|Any CPU
		Release|Any CPU = Release|Any CPU
	EndGlobalSection
	GlobalSection(ProjectConfigurationPlatforms) = postSolution
		{381E66F6-E340-48A6-AF64-3C96313D76E3}.Debug|Any CPU.ActiveCfg = Debug|Any CPU
		{381E66F6-E340-48A6-AF64-3C96313D76E3}.Debug|Any CPU.Build.0 = Debug|Any CPU
		{381E66F6-E340-48A6-AF64-3C96313D76E3}.Release|Any CPU.ActiveCfg = Release|Any CPU
		{381E66F6-E340-48A6-AF64-3C96313D76E3}.Release|Any CPU.Build.0 = Release|Any CPU
	EndGlobalSection
	GlobalSection(SolutionProperties) = preSolution
		HideSolutionNode = FALSE
	EndGlobalSection
	GlobalSection(ExtensibilityGlobals) = postSolution
		SolutionGuid = {36CD6C85-9D13-4D03-B626-7FF6E7B48167}
	EndGlobalSection
EndGlobal
